
Microsoft Visual Studio Solution File, Format Version 12.00
# Visual Studio Version 16
VisualStudioVersion = 16.0.33328.57
MinimumVisualStudioVersion = 10.0.40219.1
Project("{FAE04EC0-301F-11D3-BF4B-00C04F79EFBC}") = "exercitiu 4 tema 2", "exercitiu 4 tema 2\exercitiu 4 tema 2.csproj", "{5204C6B7-D47F-418B-A8D7-04DF19DCB50B}"
EndProject
Global
	GlobalSection(SolutionConfigurationPlatforms) = preSolution
		Debug|Any CPU = Debug|Any CPU
		Release|Any CPU = Release|Any CPU
	EndGlobalSection
	GlobalSection(ProjectConfigurationPlatforms) = postSolution
		{5204C6B7-D47F-418B-A8D7-04DF19DCB50B}.Debug|Any CPU.ActiveCfg = Debug|Any CPU
		{5204C6B7-D47F-418B-A8D7-04DF19DCB50B}.Debug|Any CPU.Build.0 = Debug|Any CPU
		{5204C6B7-D47F-418B-A8D7-04DF19DCB50B}.Release|Any CPU.ActiveCfg = Release|Any CPU
		{5204C6B7-D47F-418B-A8D7-04DF19DCB50B}.Release|Any CPU.Build.0 = Release|Any CPU
	EndGlobalSection
	GlobalSection(SolutionProperties) = preSolution
		HideSolutionNode = FALSE
	EndGlobalSection
	GlobalSection(ExtensibilityGlobals) = postSolution
		SolutionGuid = {FF5B4F99-6CDA-4991-B95E-ED5A4957D45F}
	EndGlobalSection
EndGlobal
